
Microsoft Visual Studio Solution File, Format Version 12.00
# Visual Studio Version 16
VisualStudioVersion = 16.0.29306.81
MinimumVisualStudioVersion = 10.0.40219.1
Project("{FAE04EC0-301F-11D3-BF4B-00C04F79EFBC}") = "Huffman", "Huffman\Huffman.csproj", "{A9AAAA55-C841-43B1-A9AB-BF3F5CBA6FE6}"
EndProject
Global
	GlobalSection(SolutionConfigurationPlatforms) = preSolution
		Debug|Any CPU = Debug|Any CPU
		Release|Any CPU = Release|Any CPU
	EndGlobalSection
	GlobalSection(ProjectConfigurationPlatforms) = postSolution
		{A9AAAA55-C841-43B1-A9AB-BF3F5CBA6FE6}.Debug|Any CPU.ActiveCfg = Debug|Any CPU
		{A9AAAA55-C841-43B1-A9AB-BF3F5CBA6FE6}.Debug|Any CPU.Build.0 = Debug|Any CPU
		{A9AAAA55-C841-43B1-A9AB-BF3F5CBA6FE6}.Release|Any CPU.ActiveCfg = Release|Any CPU
		{A9AAAA55-C841-43B1-A9AB-BF3F5CBA6FE6}.Release|Any CPU.Build.0 = Release|Any CPU
	EndGlobalSection
	GlobalSection(SolutionProperties) = preSolution
		HideSolutionNode = FALSE
	EndGlobalSection
	GlobalSection(ExtensibilityGlobals) = postSolution
		SolutionGuid = {F328C50E-1CA9-407F-9037-EB9BB7211D38}
	EndGlobalSection
EndGlobal
